
Microsoft Visual Studio Solution File, Format Version 12.00
# Visual Studio Version 17
VisualStudioVersion = 17.4.33122.133
MinimumVisualStudioVersion = 10.0.40219.1
Project("{FAE04EC0-301F-11D3-BF4B-00C04F79EFBC}") = "SystemProgramming_Task2", "SystemProgramming_Task2\SystemProgramming_Task2.csproj", "{0788C9D8-7900-46C5-961B-0F6FAD8E33CD}"
EndProject
Global
	GlobalSection(SolutionConfigurationPlatforms) = preSolution
		Debug|Any CPU = Debug|Any CPU
		Release|Any CPU = Release|Any CPU
	EndGlobalSection
	GlobalSection(ProjectConfigurationPlatforms) = postSolution
		{0788C9D8-7900-46C5-961B-0F6FAD8E33CD}.Debug|Any CPU.ActiveCfg = Debug|Any CPU
		{0788C9D8-7900-46C5-961B-0F6FAD8E33CD}.Debug|Any CPU.Build.0 = Debug|Any CPU
		{0788C9D8-7900-46C5-961B-0F6FAD8E33CD}.Release|Any CPU.ActiveCfg = Release|Any CPU
		{0788C9D8-7900-46C5-961B-0F6FAD8E33CD}.Release|Any CPU.Build.0 = Release|Any CPU
	EndGlobalSection
	GlobalSection(SolutionProperties) = preSolution
		HideSolutionNode = FALSE
	EndGlobalSection
	GlobalSection(ExtensibilityGlobals) = postSolution
		SolutionGuid = {C8D6248B-D156-4E75-B2C9-04615F13BD81}
	EndGlobalSection
EndGlobal
